
Microsoft Visual Studio Solution File, Format Version 12.00
# Visual Studio Version 17
VisualStudioVersion = 17.14.36401.2
MinimumVisualStudioVersion = 10.0.40219.1
Project("{FAE04EC0-301F-11D3-BF4B-00C04F79EFBC}") = "Supermercado.Backend", "Supermercado.Backend\Supermercado.Backend.csproj", "{12FA7134-3043-4823-A19E-96021CED9AA5}"
EndProject
Project("{FAE04EC0-301F-11D3-BF4B-00C04F79EFBC}") = "Supermercado.Shared", "Supermercado.Shared\Supermercado.Shared.csproj", "{E206364F-2BB6-487C-B14A-AE2058967D2D}"
EndProject
Global
	GlobalSection(SolutionConfigurationPlatforms) = preSolution
		Debug|Any CPU = Debug|Any CPU
		Release|Any CPU = Release|Any CPU
	EndGlobalSection
	GlobalSection(ProjectConfigurationPlatforms) = postSolution
		{12FA7134-3043-4823-A19E-96021CED9AA5}.Debug|Any CPU.ActiveCfg = Debug|Any CPU
		{12FA7134-3043-4823-A19E-96021CED9AA5}.Debug|Any CPU.Build.0 = Debug|Any CPU
		{12FA7134-3043-4823-A19E-96021CED9AA5}.Release|Any CPU.ActiveCfg = Release|Any CPU
		{12FA7134-3043-4823-A19E-96021CED9AA5}.Release|Any CPU.Build.0 = Release|Any CPU
		{E206364F-2BB6-487C-B14A-AE2058967D2D}.Debug|Any CPU.ActiveCfg = Debug|Any CPU
		{E206364F-2BB6-487C-B14A-AE2058967D2D}.Debug|Any CPU.Build.0 = Debug|Any CPU
		{E206364F-2BB6-487C-B14A-AE2058967D2D}.Release|Any CPU.ActiveCfg = Release|Any CPU
		{E206364F-2BB6-487C-B14A-AE2058967D2D}.Release|Any CPU.Build.0 = Release|Any CPU
	EndGlobalSection
	GlobalSection(SolutionProperties) = preSolution
		HideSolutionNode = FALSE
	EndGlobalSection
	GlobalSection(ExtensibilityGlobals) = postSolution
		SolutionGuid = {A650C566-7DD4-4891-BE97-99AABB283530}
	EndGlobalSection
EndGlobal
